
Microsoft Visual Studio Solution File, Format Version 12.00
# Visual Studio Version 17
VisualStudioVersion = 17.14.36623.8 d17.14
MinimumVisualStudioVersion = 10.0.40219.1
Project("{FAE04EC0-301F-11D3-BF4B-00C04F79EFBC}") = "tgbot12", "tgbot12\tgbot12.csproj", "{629FA4CF-5083-43AE-9E47-070DE439219F}"
EndProject
Global
	GlobalSection(SolutionConfigurationPlatforms) = preSolution
		Debug|Any CPU = Debug|Any CPU
		Release|Any CPU = Release|Any CPU
	EndGlobalSection
	GlobalSection(ProjectConfigurationPlatforms) = postSolution
		{629FA4CF-5083-43AE-9E47-070DE439219F}.Debug|Any CPU.ActiveCfg = Debug|Any CPU
		{629FA4CF-5083-43AE-9E47-070DE439219F}.Debug|Any CPU.Build.0 = Debug|Any CPU
		{629FA4CF-5083-43AE-9E47-070DE439219F}.Release|Any CPU.ActiveCfg = Release|Any CPU
		{629FA4CF-5083-43AE-9E47-070DE439219F}.Release|Any CPU.Build.0 = Release|Any CPU
	EndGlobalSection
	GlobalSection(SolutionProperties) = preSolution
		HideSolutionNode = FALSE
	EndGlobalSection
	GlobalSection(ExtensibilityGlobals) = postSolution
		SolutionGuid = {E0D1672A-9EE6-4633-94F0-86BAC18B1D30}
	EndGlobalSection
EndGlobal
